github.com/apparentlymart/go-cidr v1.0.0 h1:lGDvXx8Lv9QHjrAVP7jyzleG4F9+FkRhJcEsDFxeb8w=
github.com/apparentlymart/go-cidr v1.0.0/go.mod h1:EBcsNrHc3zQeuaeCeCtQruQm+n9/YjEn/vI25Lg7Gwc=
github.com/docker/libcontainer v2.2.1+incompatible h1:++SbbkCw+X8vAd4j2gOCzZ2Nn7s2xFALTf7LZKmM1/0=
github.com/docker/libcontainer v2.2.1+incompatible/go.mod h1:osvj61pYsqhNCMLGX31xr7klUBhHb/ZBuXS0o1Fvwbw=
github.com/milosgajdos83/tenus v0.0.0-20180828110317-955dc12ecd60 h1:cjRS88f8pPM5VuB13Qp0j5B31DnPqWDcI7fdI3zIa1A=
github.com/milosgajdos83/tenus v0.0.0-20180828110317-955dc12ecd60/go.mod h1:G95Wwn625/q6JCCytI4VR/a5VtPwrtI0B+Q1Gi38QLA=
github.com/urfave/cli v1.20.0 h1:fDqGv3UG/4jbVl/QkFwEdddtEDjh/5Ov6X+0B/3bPaw=
github.com/urfave/cli v1.20.0/go.mod h1:70zkFmudgCuE/ngEzBv17Jvp/497gISqfk5gWijbERA=
