# This file is autogenerated, do not edit; changes may be undone by the next 'dep ensure'.


[[projects]]
  digest = "1:1929b21a34400d463a99336f8e2908d2a154dc525c52411a8d99bb519942dc4c"
  name = "github.com/apparentlymart/go-cidr"
  packages = ["cidr"]
  pruneopts = "UT"
  revision = "b1115bf8e14a60131a196f908223e4506b0ddc35"
  version = "v1.0.0"

[[projects]]
  digest = "1:8bcbcaa78607212b57bd38f73da43069c2d7ce95fbd594da5eb2d4a742d8e91a"
  name = "github.com/docker/libcontainer"
  packages = [
    "netlink",
    "system",
  ]
  pruneopts = "UT"
  revision = "5dc7ba0f24332273461e45bc49edcb4d5aa6c44c"
  version = "v2.2.1"

[[projects]]
  digest = "1:aa5ecd7677875d9a50f7667a90c0f6b4289817f6e0dd223c9751ee08c76042d9"
  name = "github.com/milosgajdos83/tenus"
  packages = ["."]
  pruneopts = "UT"
  revision = "955dc12ecd6022db7dc161ff2fc07a2191bd98ae"

[[projects]]
  digest = "1:b24d38b282bacf9791408a080f606370efa3d364e4b5fd9ba0f7b87786d3b679"
  name = "github.com/urfave/cli"
  packages = ["."]
  pruneopts = "UT"
  revision = "cfb38830724cc34fedffe9a2a29fb54fa9169cd1"
  version = "v1.20.0"

[solve-meta]
  analyzer-name = "dep"
  analyzer-version = 1
  input-imports = [
    "github.com/apparentlymart/go-cidr/cidr",
    "github.com/milosgajdos83/tenus",
    "github.com/urfave/cli",
  ]
  solver-name = "gps-cdcl"
  solver-version = 1
